{
  "name": "lsp-nav",
  "version": "2.0.0",
  "lockfileVersion": 3,
  "requires": true,
  "packages": {
    "": {
      "name": "lsp-nav",
      "version": "2.0.0",
      "license": "ISC",
      "dependencies": {
        "vscode-jsonrpc": "^8.2.1"
      },
      "bin": {
        "lsp-nav": "lsp-nav.js"
      },
      "engines": {
        "node": ">=18"
      }
    },
    "node_modules/vscode-jsonrpc": {
      "version": "8.2.1",
      "resolved": "https://registry.npmmirror.com/vscode-jsonrpc/-/vscode-jsonrpc-8.2.1.tgz",
      "integrity": "sha512-kdjOSJ2lLIn7r1rtrMbbNCHjyMPfRnowdKjBQ+mGq6NAW5QY2bEZC/khaC5OR8svbbjvLEaIXkOq45e2X9BIbQ==",
      "license": "MIT",
      "engines": {
        "node": ">=14.0.0"
      }
    }
  }
}
